
Microsoft Visual Studio Solution File, Format Version 12.00
# Visual Studio Version 16
VisualStudioVersion = 16.0.30804.86
MinimumVisualStudioVersion = 10.0.40219.1
Project("{FAE04EC0-301F-11D3-BF4B-00C04F79EFBC}") = "dsa", "dsa\dsa.csproj", "{B64F56C2-1200-427A-99B5-DCDD280F9B85}"
EndProject
Project("{FAE04EC0-301F-11D3-BF4B-00C04F79EFBC}") = "DataStructures", "DataStructures\DataStructures.csproj", "{7EA1802C-5020-4F2C-A21C-9B5581CB4A8C}"
EndProject
Project("{FAE04EC0-301F-11D3-BF4B-00C04F79EFBC}") = "Algorithms", "Algorithms\Algorithms.csproj", "{05178E7E-3268-4304-B52C-0187C98E7ACB}"
EndProject
Global
	GlobalSection(SolutionConfigurationPlatforms) = preSolution
		Debug|Any CPU = Debug|Any CPU
		Release|Any CPU = Release|Any CPU
	EndGlobalSection
	GlobalSection(ProjectConfigurationPlatforms) = postSolution
		{B64F56C2-1200-427A-99B5-DCDD280F9B85}.Debug|Any CPU.ActiveCfg = Debug|Any CPU
		{B64F56C2-1200-427A-99B5-DCDD280F9B85}.Debug|Any CPU.Build.0 = Debug|Any CPU
		{B64F56C2-1200-427A-99B5-DCDD280F9B85}.Release|Any CPU.ActiveCfg = Release|Any CPU
		{B64F56C2-1200-427A-99B5-DCDD280F9B85}.Release|Any CPU.Build.0 = Release|Any CPU
		{7EA1802C-5020-4F2C-A21C-9B5581CB4A8C}.Debug|Any CPU.ActiveCfg = Debug|Any CPU
		{7EA1802C-5020-4F2C-A21C-9B5581CB4A8C}.Debug|Any CPU.Build.0 = Debug|Any CPU
		{7EA1802C-5020-4F2C-A21C-9B5581CB4A8C}.Release|Any CPU.ActiveCfg = Release|Any CPU
		{7EA1802C-5020-4F2C-A21C-9B5581CB4A8C}.Release|Any CPU.Build.0 = Release|Any CPU
		{05178E7E-3268-4304-B52C-0187C98E7ACB}.Debug|Any CPU.ActiveCfg = Debug|Any CPU
		{05178E7E-3268-4304-B52C-0187C98E7ACB}.Debug|Any CPU.Build.0 = Debug|Any CPU
		{05178E7E-3268-4304-B52C-0187C98E7ACB}.Release|Any CPU.ActiveCfg = Release|Any CPU
		{05178E7E-3268-4304-B52C-0187C98E7ACB}.Release|Any CPU.Build.0 = Release|Any CPU
	EndGlobalSection
	GlobalSection(SolutionProperties) = preSolution
		HideSolutionNode = FALSE
	EndGlobalSection
	GlobalSection(ExtensibilityGlobals) = postSolution
		SolutionGuid = {C7DA223D-FC5E-4AD9-9937-8A26A5A34D25}
	EndGlobalSection
EndGlobal
